
Microsoft Visual Studio Solution File, Format Version 12.00
# Visual Studio Version 16
VisualStudioVersion = 16.0.30517.126
MinimumVisualStudioVersion = 10.0.40219.1
Project("{FAE04EC0-301F-11D3-BF4B-00C04F79EFBC}") = "Revisione", "Revisione\Revisione.csproj", "{A8AA9629-9445-4CB5-A6CE-8BC6BEC9E690}"
EndProject
Global
	GlobalSection(SolutionConfigurationPlatforms) = preSolution
		Debug|Any CPU = Debug|Any CPU
		Release|Any CPU = Release|Any CPU
	EndGlobalSection
	GlobalSection(ProjectConfigurationPlatforms) = postSolution
		{A8AA9629-9445-4CB5-A6CE-8BC6BEC9E690}.Debug|Any CPU.ActiveCfg = Debug|Any CPU
		{A8AA9629-9445-4CB5-A6CE-8BC6BEC9E690}.Debug|Any CPU.Build.0 = Debug|Any CPU
		{A8AA9629-9445-4CB5-A6CE-8BC6BEC9E690}.Release|Any CPU.ActiveCfg = Release|Any CPU
		{A8AA9629-9445-4CB5-A6CE-8BC6BEC9E690}.Release|Any CPU.Build.0 = Release|Any CPU
	EndGlobalSection
	GlobalSection(SolutionProperties) = preSolution
		HideSolutionNode = FALSE
	EndGlobalSection
	GlobalSection(ExtensibilityGlobals) = postSolution
		SolutionGuid = {DAF26FA1-166B-4C35-986F-E8F795EFA247}
	EndGlobalSection
EndGlobal
